
Microsoft Visual Studio Solution File, Format Version 12.00
# Visual Studio Version 17
VisualStudioVersion = 17.13.35913.81 d17.13
MinimumVisualStudioVersion = 10.0.40219.1
Project("{FAE04EC0-301F-11D3-BF4B-00C04F79EFBC}") = "pooCalculaIdade", "pooCalculaIdade\pooCalculaIdade.csproj", "{DC5E65EA-6655-416A-9AE7-6FE7F120E369}"
EndProject
Global
	GlobalSection(SolutionConfigurationPlatforms) = preSolution
		Debug|Any CPU = Debug|Any CPU
		Release|Any CPU = Release|Any CPU
	EndGlobalSection
	GlobalSection(ProjectConfigurationPlatforms) = postSolution
		{DC5E65EA-6655-416A-9AE7-6FE7F120E369}.Debug|Any CPU.ActiveCfg = Debug|Any CPU
		{DC5E65EA-6655-416A-9AE7-6FE7F120E369}.Debug|Any CPU.Build.0 = Debug|Any CPU
		{DC5E65EA-6655-416A-9AE7-6FE7F120E369}.Release|Any CPU.ActiveCfg = Release|Any CPU
		{DC5E65EA-6655-416A-9AE7-6FE7F120E369}.Release|Any CPU.Build.0 = Release|Any CPU
	EndGlobalSection
	GlobalSection(SolutionProperties) = preSolution
		HideSolutionNode = FALSE
	EndGlobalSection
	GlobalSection(ExtensibilityGlobals) = postSolution
		SolutionGuid = {034889C6-5EE6-44F0-BB40-FD3826433AB5}
	EndGlobalSection
EndGlobal
