
Microsoft Visual Studio Solution File, Format Version 12.00
# Visual Studio Version 17
VisualStudioVersion = 17.13.35913.81 d17.13
MinimumVisualStudioVersion = 10.0.40219.1
Project("{FAE04EC0-301F-11D3-BF4B-00C04F79EFBC}") = "POOmensagem", "POOmensagem\POOmensagem.csproj", "{6F75BD48-1016-4A67-8F74-15A409DFB085}"
EndProject
Global
	GlobalSection(SolutionConfigurationPlatforms) = preSolution
		Debug|Any CPU = Debug|Any CPU
		Release|Any CPU = Release|Any CPU
	EndGlobalSection
	GlobalSection(ProjectConfigurationPlatforms) = postSolution
		{6F75BD48-1016-4A67-8F74-15A409DFB085}.Debug|Any CPU.ActiveCfg = Debug|Any CPU
		{6F75BD48-1016-4A67-8F74-15A409DFB085}.Debug|Any CPU.Build.0 = Debug|Any CPU
		{6F75BD48-1016-4A67-8F74-15A409DFB085}.Release|Any CPU.ActiveCfg = Release|Any CPU
		{6F75BD48-1016-4A67-8F74-15A409DFB085}.Release|Any CPU.Build.0 = Release|Any CPU
	EndGlobalSection
	GlobalSection(SolutionProperties) = preSolution
		HideSolutionNode = FALSE
	EndGlobalSection
	GlobalSection(ExtensibilityGlobals) = postSolution
		SolutionGuid = {BDBBB9EB-65DD-4986-ABD3-48ADF0A93E44}
	EndGlobalSection
EndGlobal
